{
  "name": "msal",
  "version": "1.0.0",
  "lockfileVersion": 3,
  "requires": true,
  "packages": {
    "": {
      "name": "msal",
      "version": "1.0.0",
      "license": "ISC",
      "dependencies": {
        "@microsoft/mgt-components": "^4.3.0",
        "@microsoft/mgt-msal2-provider": "^4.3.0"
      },
      "devDependencies": {
        "typescript": "^5.6.3"
      }
    },
    "node_modules/@azure/msal-browser": {
      "version": "2.39.0",
      "resolved": "https://registry.npmjs.org/@azure/msal-browser/-/msal-browser-2.39.0.tgz",
      "integrity": "sha512-kks/n2AJzKUk+DBqZhiD+7zeQGBl+WpSOQYzWy6hff3bU0ZrYFqr4keFLlzB5VKuKZog0X59/FGHb1RPBDZLVg==",
      "dependencies": {
        "@azure/msal-common": "13.3.3"
      },
      "engines": {
        "node": ">=0.8.0"
      }
    },
    "node_modules/@azure/msal-common": {
      "version": "13.3.3",
      "resolved": "https://registry.npmjs.org/@azure/msal-common/-/msal-common-13.3.3.tgz",
      "integrity": "sha512-n278DdCXKeiWhLwhEL7/u9HRMyzhUXLefeajiknf6AmEedoiOiv2r5aRJ7LXdT3NGPyubkdIbthaJlVtmuEqvA==",
      "engines": {
        "node": ">=0.8.0"
      }
    },
    "node_modules/@babel/runtime": {
      "version": "7.26.0",
      "resolved": "https://registry.npmjs.org/@babel/runtime/-/runtime-7.26.0.tgz",
      "integrity": "sha512-FDSOghenHTiToteC/QRlv2q3DhPZ/oOXTBoirfWNx1Cx3TMVcGWQtMMmQcSvb/JjpNeGzx8Pq/b4fKEJuWm1sw==",
      "dependencies": {
        "regenerator-runtime": "^0.14.0"
      },
      "engines": {
        "node": ">=6.9.0"
      }
    },
    "node_modules/@fluentui/web-components": {
      "version": "2.6.1",
      "resolved": "https://registry.npmjs.org/@fluentui/web-components/-/web-components-2.6.1.tgz",
      "integrity": "sha512-coyV+QZBVqcrJbncR2iyL0ZMXGFRJmP+JYUlewkYBt8bgmTMIwKBdUX0cN9S6KUp8JHoC2OSRqL8MYgT3T+YLQ==",
      "dependencies": {
        "@microsoft/fast-colors": "^5.3.0",
        "@microsoft/fast-element": "^1.13.0",
        "@microsoft/fast-foundation": "^2.49.6",
        "@microsoft/fast-web-utilities": "^5.4.0",
        "tslib": "^2.1.0"
      }
    },
    "node_modules/@lit-labs/ssr-dom-shim": {
      "version": "1.2.1",
      "resolved": "https://registry.npmjs.org/@lit-labs/ssr-dom-shim/-/ssr-dom-shim-1.2.1.tgz",
      "integrity": "sha512-wx4aBmgeGvFmOKucFKY+8VFJSYZxs9poN3SDNQFF6lT6NrQUnHiPB2PWz2sc4ieEcAaYYzN+1uWahEeTq2aRIQ=="
    },
    "node_modules/@lit/reactive-element": {
      "version": "2.0.4",
      "resolved": "https://registry.npmjs.org/@lit/reactive-element/-/reactive-element-2.0.4.tgz",
      "integrity": "sha512-GFn91inaUa2oHLak8awSIigYz0cU0Payr1rcFsrkf5OJ5eSPxElyZfKh0f2p9FsTiZWXQdWGJeXZICEfXXYSXQ==",
      "dependencies": {
        "@lit-labs/ssr-dom-shim": "^1.2.0"
      }
    },
    "node_modules/@lit/task": {
      "version": "1.0.1",
      "resolved": "https://registry.npmjs.org/@lit/task/-/task-1.0.1.tgz",
      "integrity": "sha512-fVLDtmwCau8NywnFIXaJxsCZjzaIxnVq+cFRKYC1Y4tA4/0rMTvF6DLZZ2JE51BwzOluaKtgJX8x1QDsQtAaIw==",
      "dependencies": {
        "@lit/reactive-element": "^1.0.0 || ^2.0.0"
      }
    },
    "node_modules/@microsoft/fast-colors": {
      "version": "5.3.1",
      "resolved": "https://registry.npmjs.org/@microsoft/fast-colors/-/fast-colors-5.3.1.tgz",
      "integrity": "sha512-72RZXVfCbwQzvo5sXXkuLXLT7rMeYaSf5r/6ewQiv/trBtqpWRm4DEH2EilHw/iWTBKOXs1qZNQndgUMa5n4LA=="
    },
    "node_modules/@microsoft/fast-element": {
      "version": "1.14.0",
      "resolved": "https://registry.npmjs.org/@microsoft/fast-element/-/fast-element-1.14.0.tgz",
      "integrity": "sha512-zXvuSOzvsu8zDTy9eby8ix8VqLop2rwKRgp++ZN2kTCsoB3+QJVoaGD2T/Cyso2ViZQFXNpiNCVKfnmxBvmWkQ=="
    },
    "node_modules/@microsoft/fast-foundation": {
      "version": "2.50.0",
      "resolved": "https://registry.npmjs.org/@microsoft/fast-foundation/-/fast-foundation-2.50.0.tgz",
      "integrity": "sha512-8mFYG88Xea1jZf2TI9Lm/jzZ6RWR8x29r24mGuLojNYqIR2Bl8+hnswoV6laApKdCbGMPKnsAL/O68Q0sRxeVg==",
      "dependencies": {
        "@microsoft/fast-element": "^1.14.0",
        "@microsoft/fast-web-utilities": "^5.4.1",
        "tabbable": "^5.2.0",
        "tslib": "^1.13.0"
      }
    },
    "node_modules/@microsoft/fast-foundation/node_modules/tslib": {
      "version": "1.14.1",
      "resolved": "https://registry.npmjs.org/tslib/-/tslib-1.14.1.tgz",
      "integrity": "sha512-Xni35NKzjgMrwevysHTCArtLDpPvye8zV/0E4EyYn43P7/7qvQwPh9BGkHewbMulVntbigmcT7rdX3BNo9wRJg=="
    },
    "node_modules/@microsoft/fast-web-utilities": {
      "version": "5.4.1",
      "resolved": "https://registry.npmjs.org/@microsoft/fast-web-utilities/-/fast-web-utilities-5.4.1.tgz",
      "integrity": "sha512-ReWYncndjV3c8D8iq9tp7NcFNc1vbVHvcBFPME2nNFKNbS1XCesYZGlIlf3ot5EmuOXPlrzUHOWzQ2vFpIkqDg==",
      "dependencies": {
        "exenv-es6": "^1.1.1"
      }
    },
    "node_modules/@microsoft/mgt-components": {
      "version": "4.3.0",
      "resolved": "https://registry.npmjs.org/@microsoft/mgt-components/-/mgt-components-4.3.0.tgz",
      "integrity": "sha512-wrD1EBU5MaBcCvvEtgAvwoNbqgyx8/aqWicY62UZk1q41S96YiK3j0S7bSrC06OrlyVkKpfVROAWb0E1iednUQ==",
      "dependencies": {
        "@fluentui/web-components": "^2.6.1",
        "@lit/task": "^1.0.0",
        "@microsoft/mgt-element": "4.3.0",
        "@microsoft/microsoft-graph-client": "3.0.7",
        "@microsoft/microsoft-graph-types": "^2.40.0",
        "@microsoft/microsoft-graph-types-beta": "^0.43.0-preview",
        "lit": "^3.1.2",
        "office-ui-fabric-core": "^11.1.0"
      }
    },
    "node_modules/@microsoft/mgt-element": {
      "version": "4.3.0",
      "resolved": "https://registry.npmjs.org/@microsoft/mgt-element/-/mgt-element-4.3.0.tgz",
      "integrity": "sha512-S+NPke4jDKuGXqZOHKRd0byUVXACEtbfFRJ/5/hVauP/BIiC8eOTugX3LkiYiqjhLuGY2U7aLJIjmrvrPJHLEg==",
      "dependencies": {
        "@lit/task": "^1.0.0",
        "@microsoft/microsoft-graph-client": "3.0.7",
        "idb": "8.0.0",
        "lit": "^3.1.2"
      }
    },
    "node_modules/@microsoft/mgt-msal2-provider": {
      "version": "4.3.0",
      "resolved": "https://registry.npmjs.org/@microsoft/mgt-msal2-provider/-/mgt-msal2-provider-4.3.0.tgz",
      "integrity": "sha512-IMapUx8Qeca4jEx/1FUz1o2IHnIRRIhEWjEDGBm/ESeMrIdKdlnAnJ8raRAHZosgmbYBLUlVNdj+2rZdtKJbMQ==",
      "dependencies": {
        "@azure/msal-browser": "^2.38.3",
        "@microsoft/mgt-element": "4.3.0",
        "@microsoft/microsoft-graph-client": "3.0.7"
      }
    },
    "node_modules/@microsoft/microsoft-graph-client": {
      "version": "3.0.7",
      "resolved": "https://registry.npmjs.org/@microsoft/microsoft-graph-client/-/microsoft-graph-client-3.0.7.tgz",
      "integrity": "sha512-/AazAV/F+HK4LIywF9C+NYHcJo038zEnWkteilcxC1FM/uK/4NVGDKGrxx7nNq1ybspAroRKT4I1FHfxQzxkUw==",
      "dependencies": {
        "@babel/runtime": "^7.12.5",
        "tslib": "^2.2.0"
      },
      "engines": {
        "node": ">=12.0.0"
      },
      "peerDependenciesMeta": {
        "@azure/identity": {
          "optional": true
        },
        "@azure/msal-browser": {
          "optional": true
        },
        "buffer": {
          "optional": true
        },
        "stream-browserify": {
          "optional": true
        }
      }
    },
    "node_modules/@microsoft/microsoft-graph-types": {
      "version": "2.40.0",
      "resolved": "https://registry.npmjs.org/@microsoft/microsoft-graph-types/-/microsoft-graph-types-2.40.0.tgz",
      "integrity": "sha512-1fcPVrB/NkbNcGNfCy+Cgnvwxt6/sbIEEFgZHFBJ670zYLegENYJF8qMo7x3LqBjWX2/Eneq5BVVRCLTmlJN+g=="
    },
    "node_modules/@microsoft/microsoft-graph-types-beta": {
      "version": "0.43.0-preview",
      "resolved": "https://registry.npmjs.org/@microsoft/microsoft-graph-types-beta/-/microsoft-graph-types-beta-0.43.0-preview.tgz",
      "integrity": "sha512-HngQCu0Mt4r+nqdBNx3OqUgFwkgw1XI1y2SOTGTJmeUBbIKZdTJbEH7X81uNGQDllEcSGtUOmLNv54yD35pORg=="
    },
    "node_modules/@types/trusted-types": {
      "version": "2.0.7",
      "resolved": "https://registry.npmjs.org/@types/trusted-types/-/trusted-types-2.0.7.tgz",
      "integrity": "sha512-ScaPdn1dQczgbl0QFTeTOmVHFULt394XJgOQNoyVhZ6r2vLnMLJfBPd53SB52T/3G36VI1/g2MZaX0cwDuXsfw=="
    },
    "node_modules/exenv-es6": {
      "version": "1.1.1",
      "resolved": "https://registry.npmjs.org/exenv-es6/-/exenv-es6-1.1.1.tgz",
      "integrity": "sha512-vlVu3N8d6yEMpMsEm+7sUBAI81aqYYuEvfK0jNqmdb/OPXzzH7QWDDnVjMvDSY47JdHEqx/dfC/q8WkfoTmpGQ=="
    },
    "node_modules/idb": {
      "version": "8.0.0",
      "resolved": "https://registry.npmjs.org/idb/-/idb-8.0.0.tgz",
      "integrity": "sha512-l//qvlAKGmQO31Qn7xdzagVPPaHTxXx199MhrAFuVBTPqydcPYBWjkrbv4Y0ktB+GmWOiwHl237UUOrLmQxLvw=="
    },
    "node_modules/lit": {
      "version": "3.2.1",
      "resolved": "https://registry.npmjs.org/lit/-/lit-3.2.1.tgz",
      "integrity": "sha512-1BBa1E/z0O9ye5fZprPtdqnc0BFzxIxTTOO/tQFmyC/hj1O3jL4TfmLBw0WEwjAokdLwpclkvGgDJwTIh0/22w==",
      "dependencies": {
        "@lit/reactive-element": "^2.0.4",
        "lit-element": "^4.1.0",
        "lit-html": "^3.2.0"
      }
    },
    "node_modules/lit-element": {
      "version": "4.1.1",
      "resolved": "https://registry.npmjs.org/lit-element/-/lit-element-4.1.1.tgz",
      "integrity": "sha512-HO9Tkkh34QkTeUmEdNYhMT8hzLid7YlMlATSi1q4q17HE5d9mrrEHJ/o8O2D0cMi182zK1F3v7x0PWFjrhXFew==",
      "dependencies": {
        "@lit-labs/ssr-dom-shim": "^1.2.0",
        "@lit/reactive-element": "^2.0.4",
        "lit-html": "^3.2.0"
      }
    },
    "node_modules/lit-html": {
      "version": "3.2.1",
      "resolved": "https://registry.npmjs.org/lit-html/-/lit-html-3.2.1.tgz",
      "integrity": "sha512-qI/3lziaPMSKsrwlxH/xMgikhQ0EGOX2ICU73Bi/YHFvz2j/yMCIrw4+puF2IpQ4+upd3EWbvnHM9+PnJn48YA==",
      "dependencies": {
        "@types/trusted-types": "^2.0.2"
      }
    },
    "node_modules/office-ui-fabric-core": {
      "version": "11.1.0",
      "resolved": "https://registry.npmjs.org/office-ui-fabric-core/-/office-ui-fabric-core-11.1.0.tgz",
      "integrity": "sha512-uV7CbMBAqbHRa7ihNlgbDMIdiKb49TCamhsfuK7Yx7JXx05WdN/lZPWLmPnAALVQAFuO95ZJMAwNjyyEeXk47A=="
    },
    "node_modules/regenerator-runtime": {
      "version": "0.14.1",
      "resolved": "https://registry.npmjs.org/regenerator-runtime/-/regenerator-runtime-0.14.1.tgz",
      "integrity": "sha512-dYnhHh0nJoMfnkZs6GmmhFknAGRrLznOu5nc9ML+EJxGvrx6H7teuevqVqCuPcPK//3eDrrjQhehXVx9cnkGdw=="
    },
    "node_modules/tabbable": {
      "version": "5.3.3",
      "resolved": "https://registry.npmjs.org/tabbable/-/tabbable-5.3.3.tgz",
      "integrity": "sha512-QD9qKY3StfbZqWOPLp0++pOrAVb/HbUi5xCc8cUo4XjP19808oaMiDzn0leBY5mCespIBM0CIZePzZjgzR83kA=="
    },
    "node_modules/tslib": {
      "version": "2.8.1",
      "resolved": "https://registry.npmjs.org/tslib/-/tslib-2.8.1.tgz",
      "integrity": "sha512-oJFu94HQb+KVduSUQL7wnpmqnfmLsOA/nAh6b6EH0wCEoK0/mPeXU6c3wKDV83MkOuHPRHtSXKKU99IBazS/2w=="
    },
    "node_modules/typescript": {
      "version": "5.6.3",
      "resolved": "https://registry.npmjs.org/typescript/-/typescript-5.6.3.tgz",
      "integrity": "sha512-hjcS1mhfuyi4WW8IWtjP7brDrG2cuDZukyrYrSauoXGNgx0S7zceP07adYkJycEr56BOUTNPzbInooiN3fn1qw==",
      "dev": true,
      "bin": {
        "tsc": "bin/tsc",
        "tsserver": "bin/tsserver"
      },
      "engines": {
        "node": ">=14.17"
      }
    }
  }
}
